
Microsoft Visual Studio Solution File, Format Version 12.00
# Visual Studio 15
VisualStudioVersion = 15.0.26403.7
MinimumVisualStudioVersion = 10.0.40219.1
Project("{FAE04EC0-301F-11D3-BF4B-00C04F79EFBC}") = "DrawGon", "DrawGon\DrawGon.csproj", "{0CDDA1BF-01A3-49E7-8A5B-1B1FFD8E258A}"
EndProject
Global
	GlobalSection(SolutionConfigurationPlatforms) = preSolution
		Debug|Any CPU = Debug|Any CPU
		Release|Any CPU = Release|Any CPU
	EndGlobalSection
	GlobalSection(ProjectConfigurationPlatforms) = postSolution
		{0CDDA1BF-01A3-49E7-8A5B-1B1FFD8E258A}.Debug|Any CPU.ActiveCfg = Debug|Any CPU
		{0CDDA1BF-01A3-49E7-8A5B-1B1FFD8E258A}.Debug|Any CPU.Build.0 = Debug|Any CPU
		{0CDDA1BF-01A3-49E7-8A5B-1B1FFD8E258A}.Release|Any CPU.ActiveCfg = Release|Any CPU
		{0CDDA1BF-01A3-49E7-8A5B-1B1FFD8E258A}.Release|Any CPU.Build.0 = Release|Any CPU
	EndGlobalSection
	GlobalSection(SolutionProperties) = preSolution
		HideSolutionNode = FALSE
	EndGlobalSection
EndGlobal
