
Microsoft Visual Studio Solution File, Format Version 12.00
# Visual Studio Version 17
VisualStudioVersion = 17.6.33417.168
MinimumVisualStudioVersion = 10.0.40219.1
Project("{FAE04EC0-301F-11D3-BF4B-00C04F79EFBC}") = "Draw2", "Draw2\Draw2.csproj", "{B9104909-6383-4CF5-AAF1-8A1C2DDEBC71}"
EndProject
Global
	GlobalSection(SolutionConfigurationPlatforms) = preSolution
		Debug|Any CPU = Debug|Any CPU
		Release|Any CPU = Release|Any CPU
	EndGlobalSection
	GlobalSection(ProjectConfigurationPlatforms) = postSolution
		{B9104909-6383-4CF5-AAF1-8A1C2DDEBC71}.Debug|Any CPU.ActiveCfg = Debug|Any CPU
		{B9104909-6383-4CF5-AAF1-8A1C2DDEBC71}.Debug|Any CPU.Build.0 = Debug|Any CPU
		{B9104909-6383-4CF5-AAF1-8A1C2DDEBC71}.Release|Any CPU.ActiveCfg = Release|Any CPU
		{B9104909-6383-4CF5-AAF1-8A1C2DDEBC71}.Release|Any CPU.Build.0 = Release|Any CPU
	EndGlobalSection
	GlobalSection(SolutionProperties) = preSolution
		HideSolutionNode = FALSE
	EndGlobalSection
	GlobalSection(ExtensibilityGlobals) = postSolution
		SolutionGuid = {F1ABEA68-5D7F-4E04-BEA8-FD15DA238C2F}
	EndGlobalSection
EndGlobal
