
Microsoft Visual Studio Solution File, Format Version 12.00
# Visual Studio Version 17
VisualStudioVersion = 17.5.33402.96
MinimumVisualStudioVersion = 10.0.40219.1
Project("{FAE04EC0-301F-11D3-BF4B-00C04F79EFBC}") = "BooksFile", "BooksFile\BooksFile.csproj", "{4D8E3E9D-C3DE-44D3-89CA-D0EEDD6D3255}"
EndProject
Global
	GlobalSection(SolutionConfigurationPlatforms) = preSolution
		Debug|Any CPU = Debug|Any CPU
		Release|Any CPU = Release|Any CPU
	EndGlobalSection
	GlobalSection(ProjectConfigurationPlatforms) = postSolution
		{4D8E3E9D-C3DE-44D3-89CA-D0EEDD6D3255}.Debug|Any CPU.ActiveCfg = Debug|Any CPU
		{4D8E3E9D-C3DE-44D3-89CA-D0EEDD6D3255}.Debug|Any CPU.Build.0 = Debug|Any CPU
		{4D8E3E9D-C3DE-44D3-89CA-D0EEDD6D3255}.Release|Any CPU.ActiveCfg = Release|Any CPU
		{4D8E3E9D-C3DE-44D3-89CA-D0EEDD6D3255}.Release|Any CPU.Build.0 = Release|Any CPU
	EndGlobalSection
	GlobalSection(SolutionProperties) = preSolution
		HideSolutionNode = FALSE
	EndGlobalSection
	GlobalSection(ExtensibilityGlobals) = postSolution
		SolutionGuid = {4C1B75A7-5DE6-4D38-A420-B1D8E61C169B}
	EndGlobalSection
EndGlobal
